{
  "lockfileVersion": 1,
  "configVersion": 0,
  "workspaces": {
    "": {
      "name": "@vigilio/preact-table",
      "dependencies": {
        "@vigilio/preact-paginator": "0.0.12",
      },
      "peerDependencies": {
        "preact": ">=10",
      },
    },
  },
  "packages": {
    "@vigilio/preact-paginator": ["@vigilio/preact-paginator@0.0.12", "", { "peerDependencies": { "preact": ">=10" } }, "sha512-Lb+YEmuQHzO00vLbmWv48RKnGL/qtyw61aZIGKmRGIpOvquDIlZbf3jgCQV0t59qcIpod7ANkrZ2zwhZ2mA0Ig=="],

    "preact": ["preact@10.26.9", "", {}, "sha512-SSjF9vcnF27mJK1XyFMNJzFd5u3pQiATFqoaDy03XuN00u4ziveVVEGt5RKJrDR8MHE/wJo9Nnad56RLzS2RMA=="],
  }
}
